
Microsoft Visual Studio Solution File, Format Version 12.00
# Visual Studio Version 16
VisualStudioVersion = 16.0.31105.61
MinimumVisualStudioVersion = 10.0.40219.1
Project("{9A19103F-16F7-4668-BE54-9A1E7A4F7556}") = "TestTCPSocket", "TestTCPSocket\TestTCPSocket.csproj", "{0BB5756F-A461-463A-9E40-AB7E05CF9E5A}"
EndProject
Project("{FAE04EC0-301F-11D3-BF4B-00C04F79EFBC}") = "ServerTCP", "ServerTCP\ServerTCP.csproj", "{35D5202B-ABC3-41AD-869D-C0891AD9D616}"
EndProject
Project("{FAE04EC0-301F-11D3-BF4B-00C04F79EFBC}") = "ClientTCP", "ClientTCP\ClientTCP.csproj", "{DF8FCA29-6AFA-4351-B6F4-A43C3D828203}"
EndProject
Global
	GlobalSection(SolutionConfigurationPlatforms) = preSolution
		Debug|Any CPU = Debug|Any CPU
		Release|Any CPU = Release|Any CPU
	EndGlobalSection
	GlobalSection(ProjectConfigurationPlatforms) = postSolution
		{0BB5756F-A461-463A-9E40-AB7E05CF9E5A}.Debug|Any CPU.ActiveCfg = Debug|Any CPU
		{0BB5756F-A461-463A-9E40-AB7E05CF9E5A}.Debug|Any CPU.Build.0 = Debug|Any CPU
		{0BB5756F-A461-463A-9E40-AB7E05CF9E5A}.Release|Any CPU.ActiveCfg = Release|Any CPU
		{0BB5756F-A461-463A-9E40-AB7E05CF9E5A}.Release|Any CPU.Build.0 = Release|Any CPU
		{35D5202B-ABC3-41AD-869D-C0891AD9D616}.Debug|Any CPU.ActiveCfg = Debug|Any CPU
		{35D5202B-ABC3-41AD-869D-C0891AD9D616}.Debug|Any CPU.Build.0 = Debug|Any CPU
		{35D5202B-ABC3-41AD-869D-C0891AD9D616}.Release|Any CPU.ActiveCfg = Release|Any CPU
		{35D5202B-ABC3-41AD-869D-C0891AD9D616}.Release|Any CPU.Build.0 = Release|Any CPU
		{DF8FCA29-6AFA-4351-B6F4-A43C3D828203}.Debug|Any CPU.ActiveCfg = Debug|Any CPU
		{DF8FCA29-6AFA-4351-B6F4-A43C3D828203}.Debug|Any CPU.Build.0 = Debug|Any CPU
		{DF8FCA29-6AFA-4351-B6F4-A43C3D828203}.Release|Any CPU.ActiveCfg = Release|Any CPU
		{DF8FCA29-6AFA-4351-B6F4-A43C3D828203}.Release|Any CPU.Build.0 = Release|Any CPU
	EndGlobalSection
	GlobalSection(SolutionProperties) = preSolution
		HideSolutionNode = FALSE
	EndGlobalSection
	GlobalSection(ExtensibilityGlobals) = postSolution
		SolutionGuid = {F9CF44E1-9BCB-4307-8038-D71EA222A54E}
	EndGlobalSection
EndGlobal
